
Microsoft Visual Studio Solution File, Format Version 12.00
# Visual Studio Version 17
VisualStudioVersion = 17.4.33205.214
MinimumVisualStudioVersion = 10.0.40219.1
Project("{FAE04EC0-301F-11D3-BF4B-00C04F79EFBC}") = "AdminUser", "AdminUser\AdminUser.csproj", "{0637341D-A2B6-4CC4-9212-DEB28D52E0BE}"
EndProject
Global
	GlobalSection(SolutionConfigurationPlatforms) = preSolution
		Debug|Any CPU = Debug|Any CPU
		Release|Any CPU = Release|Any CPU
	EndGlobalSection
	GlobalSection(ProjectConfigurationPlatforms) = postSolution
		{0637341D-A2B6-4CC4-9212-DEB28D52E0BE}.Debug|Any CPU.ActiveCfg = Debug|Any CPU
		{0637341D-A2B6-4CC4-9212-DEB28D52E0BE}.Debug|Any CPU.Build.0 = Debug|Any CPU
		{0637341D-A2B6-4CC4-9212-DEB28D52E0BE}.Release|Any CPU.ActiveCfg = Release|Any CPU
		{0637341D-A2B6-4CC4-9212-DEB28D52E0BE}.Release|Any CPU.Build.0 = Release|Any CPU
	EndGlobalSection
	GlobalSection(SolutionProperties) = preSolution
		HideSolutionNode = FALSE
	EndGlobalSection
	GlobalSection(ExtensibilityGlobals) = postSolution
		SolutionGuid = {8DD655C8-0F81-4592-8F17-27CA5CC6998F}
	EndGlobalSection
EndGlobal
